dependencies:
  espressif/esp_websocket_client:
    component_hash: 3f3b04c060ca52c8a06b96b39f22f50086f2bb41d9e9a2411e809cf6b7edfa60
    source:
      service_url: https://api.components.espressif.com/
      type: service
    version: 1.1.0
  espressif/mdns:
    component_hash: d6665090cf41eb399c184aab6f34234251a773e052fb53ca044dcb576264c646
    source:
      service_url: https://api.components.espressif.com/
      type: service
    version: 1.2.1
  idf:
    component_hash: null
    source:
      type: idf
    version: 5.0.2
manifest_hash: abf2dc5b3d731e0a1e4f5f4fafaa80f2d7775f2e161b5289612b69448f160542
target: esp32c3
version: 1.0.0
